
Microsoft Visual Studio Solution File, Format Version 12.00
# Visual Studio Version 17
VisualStudioVersion = 17.14.36408.4 d17.14
MinimumVisualStudioVersion = 10.0.40219.1
Project("{FAE04EC0-301F-11D3-BF4B-00C04F79EFBC}") = "DatosAleatorios", "DatosAleatorios.csproj", "{CD66D26C-736E-4ABE-AA6B-91F4F32C2AA5}"
EndProject
Global
	GlobalSection(SolutionConfigurationPlatforms) = preSolution
		Debug|Any CPU = Debug|Any CPU
		Release|Any CPU = Release|Any CPU
	EndGlobalSection
	GlobalSection(ProjectConfigurationPlatforms) = postSolution
		{CD66D26C-736E-4ABE-AA6B-91F4F32C2AA5}.Debug|Any CPU.ActiveCfg = Debug|Any CPU
		{CD66D26C-736E-4ABE-AA6B-91F4F32C2AA5}.Debug|Any CPU.Build.0 = Debug|Any CPU
		{CD66D26C-736E-4ABE-AA6B-91F4F32C2AA5}.Release|Any CPU.ActiveCfg = Release|Any CPU
		{CD66D26C-736E-4ABE-AA6B-91F4F32C2AA5}.Release|Any CPU.Build.0 = Release|Any CPU
	EndGlobalSection
	GlobalSection(SolutionProperties) = preSolution
		HideSolutionNode = FALSE
	EndGlobalSection
	GlobalSection(ExtensibilityGlobals) = postSolution
		SolutionGuid = {E1F05AE8-EE69-4998-8196-EC660278A345}
	EndGlobalSection
EndGlobal
